dependencies:
- name: claude-code
  repository: oci://ghcr.io/language-operator/charts
  version: 0.1.9
- name: openclaw
  repository: oci://ghcr.io/language-operator/charts
  version: 0.1.2
- name: opencode
  repository: oci://ghcr.io/language-operator/charts
  version: 0.1.7
- name: deepagents
  repository: oci://ghcr.io/language-operator/charts
  version: 0.1.5
- name: kilo
  repository: oci://ghcr.io/language-operator/charts
  version: 0.1.0
- name: qwen-code
  repository: oci://ghcr.io/language-operator/charts
  version: 0.1.1
digest: sha256:122aed4344ddd2d0a886e58d4a009107ac6d62e76a8748858785deff1b892210
generated: "2026-10-03T02:37:23.391185339Z"
