dependencies:
- name: claude-code
  repository: oci://ghcr.io/language-operator/charts
  version: 0.1.9
- name: openclaw
  repository: oci://ghcr.io/language-operator/charts
  version: 0.1.2
- name: opencode
  repository: oci://ghcr.io/language-operator/charts
  version: 0.1.7
- name: deepagents
  repository: oci://ghcr.io/language-operator/charts
  version: 0.1.5
- name: kilo
  repository: oci://ghcr.io/language-operator/charts
  version: 0.1.0
digest: sha256:bf054fb6013cd3ec35cdaab44ef7ab25fcf0257f362035ea778c69fc63b76304
generated: "2026-10-03T02:23:22.983823671Z"
