dependencies:
- name: claude-code
  repository: oci://ghcr.io/language-operator/charts
  version: 0.1.3
- name: openclaw
  repository: oci://ghcr.io/language-operator/charts
  version: 0.1.0
- name: opencode
  repository: oci://ghcr.io/language-operator/charts
  version: 0.1.3
- name: deepagents
  repository: oci://ghcr.io/language-operator/charts
  version: 0.1.1
digest: sha256:f33a1259a71e64cdfdffb3ffc147eef3385682dbe16995abb82df39dd8af3e29
generated: "2026-06-23T18:47:15.650675555-05:00"
